
Microsoft Visual Studio Solution File, Format Version 12.00
# Visual Studio Version 17
VisualStudioVersion = 17.10.34916.146
MinimumVisualStudioVersion = 10.0.40219.1
Project("{FAE04EC0-301F-11D3-BF4B-00C04F79EFBC}") = "WEBAPI", "WEBAPI.csproj", "{1F2E7119-68B1-4E62-B4F3-52A92203822E}"
EndProject
Global
	GlobalSection(SolutionConfigurationPlatforms) = preSolution
		Debug|Any CPU = Debug|Any CPU
		Release|Any CPU = Release|Any CPU
	EndGlobalSection
	GlobalSection(ProjectConfigurationPlatforms) = postSolution
		{1F2E7119-68B1-4E62-B4F3-52A92203822E}.Debug|Any CPU.ActiveCfg = Debug|Any CPU
		{1F2E7119-68B1-4E62-B4F3-52A92203822E}.Debug|Any CPU.Build.0 = Debug|Any CPU
		{1F2E7119-68B1-4E62-B4F3-52A92203822E}.Release|Any CPU.ActiveCfg = Release|Any CPU
		{1F2E7119-68B1-4E62-B4F3-52A92203822E}.Release|Any CPU.Build.0 = Release|Any CPU
	EndGlobalSection
	GlobalSection(SolutionProperties) = preSolution
		HideSolutionNode = FALSE
	EndGlobalSection
	GlobalSection(ExtensibilityGlobals) = postSolution
		SolutionGuid = {DF8CD432-0281-4C48-905E-E0D621813331}
	EndGlobalSection
EndGlobal
